PODS:
  - Flutter (1.0.0)
  - Meiqia (3.7.5):
    - Meiqia/MeiqiaSDK (= 3.7.5)
    - Meiqia/MQChatViewController (= 3.7.5)
  - Meiqia/MeiqiaSDK (3.7.5)
  - Meiqia/MQChatViewController (3.7.5):
    - Meiqia/MeiqiaSDK
  - meiqia_flutter (0.0.1):
    - Flutter
    - Meiqia (~> 3.7.5)

DEPENDENCIES:
  - Flutter (from `Flutter`)
  - meiqia_flutter (from `.symlinks/plugins/meiqia_flutter/ios`)

SPEC REPOS:
  trunk:
    - Meiqia

EXTERNAL SOURCES:
  Flutter:
    :path: Flutter
  meiqia_flutter:
    :path: ".symlinks/plugins/meiqia_flutter/ios"

SPEC CHECKSUMS:
  Flutter: 434fef37c0980e73bb6479ef766c45957d4b510c
  Meiqia: 8b1af3395967bec267ceeebd3b14607ede079be4
  meiqia_flutter: 4192a240b9fa00b52b5077fd2dd9697b54caf5a0

PODFILE CHECKSUM: 8e0dbe63a99948baae631197f9a4187f6287a5f0

COCOAPODS: 1.10.0
